{
  "name": "application",
  "version": "1.5.0",
  "lockfileVersion": 2,
  "requires": true,
  "packages": {
    "": {
      "name": "application",
      "version": "1.5.0",
      "license": "ISC",
      "dependencies": {
        "@types/node": "^16.11.7",
        "core": "file:../core"
      },
      "devDependencies": {
        "typescript": "^4.4.4"
      }
    },
    "../core": {
      "version": "1.0.0",
      "license": "ISC",
      "dependencies": {
        "@reactivex/rxjs": "^6.6.7",
        "@types/node": "^16.11.6",
        "rxjs": "^7.4.0"
      },
      "devDependencies": {
        "typescript": "^4.4.4"
      }
    },
    "../core/node_modules/@reactivex/rxjs": {
      "version": "6.6.7",
      "license": "Apache-2.0",
      "dependencies": {
        "tslib": "^1.9.0"
      },
      "engines": {
        "npm": ">=2.0.0"
      }
    },
    "../core/node_modules/@types/node": {
      "version": "16.11.10",
      "license": "MIT"
    },
    "../core/node_modules/rxjs": {
      "version": "7.4.0",
      "license": "Apache-2.0",
      "dependencies": {
        "tslib": "~2.1.0"
      }
    },
    "../core/node_modules/rxjs/node_modules/tslib": {
      "version": "2.1.0",
      "license": "0BSD"
    },
    "../core/node_modules/tslib": {
      "version": "1.14.1",
      "license": "0BSD"
    },
    "../core/node_modules/typescript": {
      "version": "4.5.2",
      "dev": true,
      "license": "Apache-2.0",
      "bin": {
        "tsc": "bin/tsc",
        "tsserver": "bin/tsserver"
      },
      "engines": {
        "node": ">=4.2.0"
      }
    },
    "node_modules/@types/node": {
      "version": "16.11.10",
      "license": "MIT"
    },
    "node_modules/core": {
      "resolved": "../core",
      "link": true
    },
    "node_modules/typescript": {
      "version": "4.5.2",
      "dev": true,
      "license": "Apache-2.0",
      "bin": {
        "tsc": "bin/tsc",
        "tsserver": "bin/tsserver"
      },
      "engines": {
        "node": ">=4.2.0"
      }
    }
  },
  "dependencies": {
    "@types/node": {
      "version": "16.11.10"
    },
    "core": {
      "version": "file:../core",
      "requires": {
        "@reactivex/rxjs": "^6.6.7",
        "@types/node": "^16.11.6",
        "rxjs": "^7.4.0",
        "typescript": "^4.4.4"
      },
      "dependencies": {
        "@reactivex/rxjs": {
          "version": "6.6.7",
          "requires": {
            "tslib": "^1.9.0"
          }
        },
        "@types/node": {
          "version": "16.11.10"
        },
        "rxjs": {
          "version": "7.4.0",
          "requires": {
            "tslib": "~2.1.0"
          },
          "dependencies": {
            "tslib": {
              "version": "2.1.0"
            }
          }
        },
        "tslib": {
          "version": "1.14.1"
        },
        "typescript": {
          "version": "4.5.2",
          "dev": true
        }
      }
    },
    "typescript": {
      "version": "4.5.2",
      "dev": true
    }
  }
}
