{
  "name": "application",
  "version": "1.5.0",
  "lockfileVersion": 2,
  "requires": true,
  "packages": {
    "": {
      "name": "application",
      "version": "1.5.0",
      "license": "ISC",
      "dependencies": {
        "@types/node": "^16.11.7",
        "core": "../core"
      },
      "devDependencies": {
        "typescript": "^4.4.4"
      }
    },
    "../core": {
      "version": "1.0.0",
      "license": "ISC",
      "dependencies": {
        "@reactivex/rxjs": "^6.6.7",
        "@types/node": "^16.11.6",
        "reflect-metadata": "^0.1.13",
        "rxjs": "^7.4.0",
        "typescript-guid": "^1.0.3"
      },
      "devDependencies": {
        "typescript": "^4.4.4"
      }
    },
    "node_modules/@types/node": {
      "version": "16.11.7",
      "resolved": "https://registry.npmjs.org/@types/node/-/node-16.11.7.tgz",
      "integrity": "sha512-QB5D2sqfSjCmTuWcBWyJ+/44bcjO7VbjSbOE0ucoVbAsSNQc4Lt6QkgkVXkTDwkL4z/beecZNDvVX15D4P8Jbw==",
      "license": "MIT"
    },
    "node_modules/core": {
      "resolved": "../core",
      "link": true
    },
    "node_modules/typescript": {
      "version": "4.4.4",
      "resolved": "https://registry.npmjs.org/typescript/-/typescript-4.4.4.tgz",
      "integrity": "sha512-DqGhF5IKoBl8WNf8C1gu8q0xZSInh9j1kJJMqT3a94w1JzVaBU4EXOSMrz9yDqMT0xt3selp83fuFMQ0uzv6qA==",
      "dev": true,
      "license": "Apache-2.0",
      "bin": {
        "tsc": "bin/tsc",
        "tsserver": "bin/tsserver"
      },
      "engines": {
        "node": ">=4.2.0"
      }
    }
  },
  "dependencies": {
    "@types/node": {
      "version": "16.11.7",
      "resolved": "https://registry.npmjs.org/@types/node/-/node-16.11.7.tgz",
      "integrity": "sha512-QB5D2sqfSjCmTuWcBWyJ+/44bcjO7VbjSbOE0ucoVbAsSNQc4Lt6QkgkVXkTDwkL4z/beecZNDvVX15D4P8Jbw=="
    },
    "core": {
      "version": "file:../core",
      "requires": {
        "@reactivex/rxjs": "^6.6.7",
        "@types/node": "^16.11.6",
        "reflect-metadata": "^0.1.13",
        "rxjs": "^7.4.0",
        "typescript": "^4.4.4",
        "typescript-guid": "^1.0.3"
      }
    },
    "typescript": {
      "version": "4.4.4",
      "resolved": "https://registry.npmjs.org/typescript/-/typescript-4.4.4.tgz",
      "integrity": "sha512-DqGhF5IKoBl8WNf8C1gu8q0xZSInh9j1kJJMqT3a94w1JzVaBU4EXOSMrz9yDqMT0xt3selp83fuFMQ0uzv6qA==",
      "dev": true
    }
  }
}
