{
  "name": "application",
  "version": "1.0.0",
  "lockfileVersion": 2,
  "requires": true,
  "packages": {
    "": {
      "name": "application",
      "version": "1.0.0",
      "license": "ISC",
      "dependencies": {
        "core": "file:../core"
      }
    },
    "../core": {
      "version": "1.0.0",
      "license": "ISC",
      "dependencies": {
        "crypto": "^1.0.1"
      },
      "devDependencies": {
        "@types/node": "^18.7.8"
      }
    },
    "node_modules/core": {
      "resolved": "../core",
      "link": true
    }
  },
  "dependencies": {
    "core": {
      "version": "file:../core",
      "requires": {
        "@types/node": "^18.7.8",
        "crypto": "^1.0.1"
      }
    }
  }
}
